
Microsoft Visual Studio Solution File, Format Version 12.00
# Visual Studio Version 16
VisualStudioVersion = 16.0.810.19
MinimumVisualStudioVersion = 10.0.40219.1
Project("{FAE04EC0-301F-11D3-BF4B-00C04F79EFBC}") = "TrackerLibrary", "TrackerLibrary\TrackerLibrary.csproj", "{050002E0-420C-4F44-93E4-B283EC8F6CC1}"
EndProject
Global
	GlobalSection(SolutionConfigurationPlatforms) = preSolution
		Debug|Any CPU = Debug|Any CPU
		Release|Any CPU = Release|Any CPU
	EndGlobalSection
	GlobalSection(ProjectConfigurationPlatforms) = postSolution
		{050002E0-420C-4F44-93E4-B283EC8F6CC1}.Debug|Any CPU.ActiveCfg = Debug|Any CPU
		{050002E0-420C-4F44-93E4-B283EC8F6CC1}.Debug|Any CPU.Build.0 = Debug|Any CPU
		{050002E0-420C-4F44-93E4-B283EC8F6CC1}.Release|Any CPU.ActiveCfg = Release|Any CPU
		{050002E0-420C-4F44-93E4-B283EC8F6CC1}.Release|Any CPU.Build.0 = Release|Any CPU
	EndGlobalSection
	GlobalSection(SolutionProperties) = preSolution
		HideSolutionNode = FALSE
	EndGlobalSection
	GlobalSection(ExtensibilityGlobals) = postSolution
		SolutionGuid = {3F1F1FD2-8A37-4EF3-BD5E-D91C1CB01F48}
	EndGlobalSection
EndGlobal
